// !$*UTF8*$!
{
	archiveVersion = 1;
	classes = {
	};
	objectVersion = 46;
	objects = {

/* Begin PBXBuildFile section */
		2E6263F7B1FF8017CC45B09B /* libPods.a in Frameworks */ = {isa = PBXBuildFile; fileRef = 4654AE000D5BF12668192D27 /* libPods.a */; };
		95603D191A8AEF2700B7827F /* main.m in Sources */ = {isa = PBXBuildFile; fileRef = 95603D181A8AEF2700B7827F /* main.m */; };
		95603D1C1A8AEF2700B7827F /* AppDelegate.m in Sources */ = {isa = PBXBuildFile; fileRef = 95603D1B1A8AEF2700B7827F /* AppDelegate.m */; };
		95603D221A8AEF2700B7827F /* Main.storyboard in Resources */ = {isa = PBXBuildFile; fileRef = 95603D201A8AEF2700B7827F /* Main.storyboard */; };
		95603D241A8AEF2700B7827F /* Images.xcassets in Resources */ = {isa = PBXBuildFile; fileRef = 95603D231A8AEF2700B7827F /* Images.xcassets */; };
		95603D271A8AEF2700B7827F /* LaunchScreen.xib in Resources */ = {isa = PBXBuildFile; fileRef = 95603D251A8AEF2700B7827F /* LaunchScreen.xib */; };
		95603D331A8AEF2700B7827F /* YelpTests.m in Sources */ = {isa = PBXBuildFile; fileRef = 95603D321A8AEF2700B7827F /* YelpTests.m */; };
		95603D421A8AFFE900B7827F /* SearchResultsViewController.m in Sources */ = {isa = PBXBuildFile; fileRef = 95603D411A8AFFE900B7827F /* SearchResultsViewController.m */; };
		95603D4A1A8BC6D100B7827F /* Business.m in Sources */ = {isa = PBXBuildFile; fileRef = 95603D491A8BC6D100B7827F /* Business.m */; };
		95603D4E1A8BE39300B7827F /* YelpClient.m in Sources */ = {isa = PBXBuildFile; fileRef = 95603D4D1A8BE39300B7827F /* YelpClient.m */; };
		95603D531A8C1B1900B7827F /* BusinessCell.m in Sources */ = {isa = PBXBuildFile; fileRef = 95603D511A8C1B1900B7827F /* BusinessCell.m */; };
		95603D541A8C1B1900B7827F /* BusinessCell.xib in Resources */ = {isa = PBXBuildFile; fileRef = 95603D521A8C1B1900B7827F /* BusinessCell.xib */; };
		95603D5B1A8DBDCD00B7827F /* FiltersViewController.m in Sources */ = {isa = PBXBuildFile; fileRef = 95603D591A8DBDCD00B7827F /* FiltersViewController.m */; };
		95603D5C1A8DBDCD00B7827F /* FiltersViewController.xib in Resources */ = {isa = PBXBuildFile; fileRef = 95603D5A1A8DBDCD00B7827F /* FiltersViewController.xib */; };
		95603D601A8EECA400B7827F /* SwitchCell.m in Sources */ = {isa = PBXBuildFile; fileRef = 95603D5E1A8EECA400B7827F /* SwitchCell.m */; };
		95603D611A8EECA400B7827F /* SwitchCell.xib in Resources */ = {isa = PBXBuildFile; fileRef = 95603D5F1A8EECA400B7827F /* SwitchCell.xib */; };
		95603D651A9049E400B7827F /* PriceCell.m in Sources */ = {isa = PBXBuildFile; fileRef = 95603D631A9049E400B7827F /* PriceCell.m */; };
		95603D661A9049E400B7827F /* PriceCell.xib in Resources */ = {isa = PBXBuildFile; fileRef = 95603D641A9049E400B7827F /* PriceCell.xib */; };
		95603D6A1A907CC300B7827F /* MapViewController.m in Sources */ = {isa = PBXBuildFile; fileRef = 95603D681A907CC300B7827F /* MapViewController.m */; };
		95603D6B1A907CC300B7827F /* MapViewController.xib in Resources */ = {isa = PBXBuildFile; fileRef = 95603D691A907CC300B7827F /* MapViewController.xib */; };
		95603D6D1A9081F800B7827F /* CoreLocation.framework in Frameworks */ = {isa = PBXBuildFile; fileRef = 95603D6C1A9081F800B7827F /* CoreLocation.framework */; };
		95603D6F1A90821200B7827F /* MapKit.framework in Frameworks */ = {isa = PBXBuildFile; fileRef = 95603D6E1A90821200B7827F /* MapKit.framework */; };
/* End PBXBuildFile section */

/* Begin PBXContainerItemProxy section */
		95603D2D1A8AEF2700B7827F /* PBXContainerItemProxy */ = {
			isa = PBXContainerItemProxy;
			containerPortal = 95603D0B1A8AEF2700B7827F /* Project object */;
			proxyType = 1;
			remoteGlobalIDString = 95603D121A8AEF2700B7827F;
			remoteInfo = Yelp;
		};
/* End PBXContainerItemProxy section */

/* Begin PBXFileReference section */
		4654AE000D5BF12668192D27 /* libPods.a */ = {isa = PBXFileReference; explicitFileType = archive.ar; includeInIndex = 0; path = libPods.a; sourceTree = BUILT_PRODUCTS_DIR; };
		95603D131A8AEF2700B7827F /* Yelp.app */ = {isa = PBXFileReference; explicitFileType = wrapper.application; includeInIndex = 0; path = Yelp.app; sourceTree = BUILT_PRODUCTS_DIR; };
		95603D171A8AEF2700B7827F /* Info.plist */ = {isa = PBXFileReference; lastKnownFileType = text.plist.xml; path = Info.plist; sourceTree = "<group>"; };
		95603D181A8AEF2700B7827F /* main.m */ = {isa = PBXFileReference; lastKnownFileType = sourcecode.c.objc; path = main.m; sourceTree = "<group>"; };
		95603D1A1A8AEF2700B7827F /* AppDelegate.h */ = {isa = PBXFileReference; lastKnownFileType = sourcecode.c.h; path = AppDelegate.h; sourceTree = "<group>"; };
		95603D1B1A8AEF2700B7827F /* AppDelegate.m */ = {isa = PBXFileReference; lastKnownFileType = sourcecode.c.objc; path = AppDelegate.m; sourceTree = "<group>"; };
		95603D211A8AEF2700B7827F /* Base */ = {isa = PBXFileReference; lastKnownFileType = file.storyboard; name = Base; path = Base.lproj/Main.storyboard; sourceTree = "<group>"; };
		95603D231A8AEF2700B7827F /* Images.xcassets */ = {isa = PBXFileReference; lastKnownFileType = folder.assetcatalog; path = Images.xcassets; sourceTree = "<group>"; };
		95603D261A8AEF2700B7827F /* Base */ = {isa = PBXFileReference; lastKnownFileType = file.xib; name = Base; path = Base.lproj/LaunchScreen.xib; sourceTree = "<group>"; };
		95603D2C1A8AEF2700B7827F /* YelpTests.xctest */ = {isa = PBXFileReference; explicitFileType = wrapper.cfbundle; includeInIndex = 0; path = YelpTests.xctest; sourceTree = BUILT_PRODUCTS_DIR; };
		95603D311A8AEF2700B7827F /* Info.plist */ = {isa = PBXFileReference; lastKnownFileType = text.plist.xml; path = Info.plist; sourceTree = "<group>"; };
		95603D321A8AEF2700B7827F /* YelpTests.m */ = {isa = PBXFileReference; lastKnownFileType = sourcecode.c.objc; path = YelpTests.m; sourceTree = "<group>"; };
		95603D401A8AFFE900B7827F /* SearchResultsViewController.h */ = {isa = PBXFileReference; fileEncoding = 4; lastKnownFileType = sourcecode.c.h; path = SearchResultsViewController.h; sourceTree = "<group>"; };
		95603D411A8AFFE900B7827F /* SearchResultsViewController.m */ = {isa = PBXFileReference; fileEncoding = 4; lastKnownFileType = sourcecode.c.objc; path = SearchResultsViewController.m; sourceTree = "<group>"; };
		95603D481A8BC6D100B7827F /* Business.h */ = {isa = PBXFileReference; fileEncoding = 4; lastKnownFileType = sourcecode.c.h; path = Business.h; sourceTree = "<group>"; };
		95603D491A8BC6D100B7827F /* Business.m */ = {isa = PBXFileReference; fileEncoding = 4; lastKnownFileType = sourcecode.c.objc; path = Business.m; sourceTree = "<group>"; };
		95603D4C1A8BE39300B7827F /* YelpClient.h */ = {isa = PBXFileReference; fileEncoding = 4; lastKnownFileType = sourcecode.c.h; path = YelpClient.h; sourceTree = "<group>"; };
		95603D4D1A8BE39300B7827F /* YelpClient.m */ = {isa = PBXFileReference; fileEncoding = 4; lastKnownFileType = sourcecode.c.objc; path = YelpClient.m; sourceTree = "<group>"; };
		95603D501A8C1B1900B7827F /* BusinessCell.h */ = {isa = PBXFileReference; fileEncoding = 4; lastKnownFileType = sourcecode.c.h; path = BusinessCell.h; sourceTree = "<group>"; };
		95603D511A8C1B1900B7827F /* BusinessCell.m */ = {isa = PBXFileReference; fileEncoding = 4; lastKnownFileType = sourcecode.c.objc; path = BusinessCell.m; sourceTree = "<group>"; };
		95603D521A8C1B1900B7827F /* BusinessCell.xib */ = {isa = PBXFileReference; fileEncoding = 4; lastKnownFileType = file.xib; path = BusinessCell.xib; sourceTree = "<group>"; };
		95603D581A8DBDCD00B7827F /* FiltersViewController.h */ = {isa = PBXFileReference; fileEncoding = 4; lastKnownFileType = sourcecode.c.h; path = FiltersViewController.h; sourceTree = "<group>"; };
		95603D591A8DBDCD00B7827F /* FiltersViewController.m */ = {isa = PBXFileReference; fileEncoding = 4; lastKnownFileType = sourcecode.c.objc; path = FiltersViewController.m; sourceTree = "<group>"; };
		95603D5A1A8DBDCD00B7827F /* FiltersViewController.xib */ = {isa = PBXFileReference; fileEncoding = 4; lastKnownFileType = file.xib; path = FiltersViewController.xib; sourceTree = "<group>"; };
		95603D5D1A8EECA400B7827F /* SwitchCell.h */ = {isa = PBXFileReference; fileEncoding = 4; lastKnownFileType = sourcecode.c.h; path = SwitchCell.h; sourceTree = "<group>"; };
		95603D5E1A8EECA400B7827F /* SwitchCell.m */ = {isa = PBXFileReference; fileEncoding = 4; lastKnownFileType = sourcecode.c.objc; path = SwitchCell.m; sourceTree = "<group>"; };
		95603D5F1A8EECA400B7827F /* SwitchCell.xib */ = {isa = PBXFileReference; fileEncoding = 4; lastKnownFileType = file.xib; path = SwitchCell.xib; sourceTree = "<group>"; };
		95603D621A9049E400B7827F /* PriceCell.h */ = {isa = PBXFileReference; fileEncoding = 4; lastKnownFileType = sourcecode.c.h; path = PriceCell.h; sourceTree = "<group>"; };
		95603D631A9049E400B7827F /* PriceCell.m */ = {isa = PBXFileReference; fileEncoding = 4; lastKnownFileType = sourcecode.c.objc; path = PriceCell.m; sourceTree = "<group>"; };
		95603D641A9049E400B7827F /* PriceCell.xib */ = {isa = PBXFileReference; fileEncoding = 4; lastKnownFileType = file.xib; path = PriceCell.xib; sourceTree = "<group>"; };
		95603D671A907CC300B7827F /* MapViewController.h */ = {isa = PBXFileReference; fileEncoding = 4; lastKnownFileType = sourcecode.c.h; path = MapViewController.h; sourceTree = "<group>"; };
		95603D681A907CC300B7827F /* MapViewController.m */ = {isa = PBXFileReference; fileEncoding = 4; lastKnownFileType = sourcecode.c.objc; path = MapViewController.m; sourceTree = "<group>"; };
		95603D691A907CC300B7827F /* MapViewController.xib */ = {isa = PBXFileReference; fileEncoding = 4; lastKnownFileType = file.xib; path = MapViewController.xib; sourceTree = "<group>"; };
		95603D6C1A9081F800B7827F /* CoreLocation.framework */ = {isa = PBXFileReference; lastKnownFileType = wrapper.framework; name = CoreLocation.framework; path = System/Library/Frameworks/CoreLocation.framework; sourceTree = SDKROOT; };
		95603D6E1A90821200B7827F /* MapKit.framework */ = {isa = PBXFileReference; lastKnownFileType = wrapper.framework; name = MapKit.framework; path = System/Library/Frameworks/MapKit.framework; sourceTree = SDKROOT; };
		9608C66B4A64B588BFD85930 /* Pods.debug.xcconfig */ = {isa = PBXFileReference; includeInIndex = 1; lastKnownFileType = text.xcconfig; name = Pods.debug.xcconfig; path = "Pods/Target Support Files/Pods/Pods.debug.xcconfig"; sourceTree = "<group>"; };
		C84B0EAB3547D5DF977043FB /* Pods.release.xcconfig */ = {isa = PBXFileReference; includeInIndex = 1; lastKnownFileType = text.xcconfig; name = Pods.release.xcconfig; path = "Pods/Target Support Files/Pods/Pods.release.xcconfig"; sourceTree = "<group>"; };
/* End PBXFileReference section */

/* Begin PBXFrameworksBuildPhase section */
		95603D101A8AEF2700B7827F /* Frameworks */ = {
			isa = PBXFrameworksBuildPhase;
			buildActionMask = 2147483647;
			files = (
				95603D6F1A90821200B7827F /* MapKit.framework in Frameworks */,
				95603D6D1A9081F800B7827F /* CoreLocation.framework in Frameworks */,
				2E6263F7B1FF8017CC45B09B /* libPods.a in Frameworks */,
			);
			runOnlyForDeploymentPostprocessing = 0;
		};
		95603D291A8AEF2700B7827F /* Frameworks */ = {
			isa = PBXFrameworksBuildPhase;
			buildActionMask = 2147483647;
			files = (
			);
			runOnlyForDeploymentPostprocessing = 0;
		};
/* End PBXFrameworksBuildPhase section */

/* Begin PBXGroup section */
		048169DA50E1AAB91D4B2D22 /* Frameworks */ = {
			isa = PBXGroup;
			children = (
				95603D6E1A90821200B7827F /* MapKit.framework */,
				95603D6C1A9081F800B7827F /* CoreLocation.framework */,
				4654AE000D5BF12668192D27 /* libPods.a */,
			);
			name = Frameworks;
			sourceTree = "<group>";
		};
		6E15480CF7B4263A260FCB44 /* Pods */ = {
			isa = PBXGroup;
			children = (
				9608C66B4A64B588BFD85930 /* Pods.debug.xcconfig */,
				C84B0EAB3547D5DF977043FB /* Pods.release.xcconfig */,
			);
			name = Pods;
			sourceTree = "<group>";
		};
		95603D0A1A8AEF2700B7827F = {
			isa = PBXGroup;
			children = (
				95603D151A8AEF2700B7827F /* Yelp */,
				95603D2F1A8AEF2700B7827F /* YelpTests */,
				95603D141A8AEF2700B7827F /* Products */,
				048169DA50E1AAB91D4B2D22 /* Frameworks */,
				6E15480CF7B4263A260FCB44 /* Pods */,
			);
			sourceTree = "<group>";
		};
		95603D141A8AEF2700B7827F /* Products */ = {
			isa = PBXGroup;
			children = (
				95603D131A8AEF2700B7827F /* Yelp.app */,
				95603D2C1A8AEF2700B7827F /* YelpTests.xctest */,
			);
			name = Products;
			sourceTree = "<group>";
		};
		95603D151A8AEF2700B7827F /* Yelp */ = {
			isa = PBXGroup;
			children = (
				95603D4F1A8BE39800B7827F /* API */,
				95603D4B1A8BC6E600B7827F /* Model */,
				95603D471A8BC45800B7827F /* View */,
				95603D1A1A8AEF2700B7827F /* AppDelegate.h */,
				95603D1B1A8AEF2700B7827F /* AppDelegate.m */,
				95603D201A8AEF2700B7827F /* Main.storyboard */,
				95603D431A8AFFEF00B7827F /* ViewController */,
				95603D231A8AEF2700B7827F /* Images.xcassets */,
				95603D251A8AEF2700B7827F /* LaunchScreen.xib */,
				95603D161A8AEF2700B7827F /* Supporting Files */,
			);
			path = Yelp;
			sourceTree = "<group>";
		};
		95603D161A8AEF2700B7827F /* Supporting Files */ = {
			isa = PBXGroup;
			children = (
				95603D171A8AEF2700B7827F /* Info.plist */,
				95603D181A8AEF2700B7827F /* main.m */,
			);
			name = "Supporting Files";
			sourceTree = "<group>";
		};
		95603D2F1A8AEF2700B7827F /* YelpTests */ = {
			isa = PBXGroup;
			children = (
				95603D321A8AEF2700B7827F /* YelpTests.m */,
				95603D301A8AEF2700B7827F /* Supporting Files */,
			);
			path = YelpTests;
			sourceTree = "<group>";
		};
		95603D301A8AEF2700B7827F /* Supporting Files */ = {
			isa = PBXGroup;
			children = (
				95603D311A8AEF2700B7827F /* Info.plist */,
			);
			name = "Supporting Files";
			sourceTree = "<group>";
		};
		95603D431A8AFFEF00B7827F /* ViewController */ = {
			isa = PBXGroup;
			children = (
				95603D581A8DBDCD00B7827F /* FiltersViewController.h */,
				95603D591A8DBDCD00B7827F /* FiltersViewController.m */,
				95603D5A1A8DBDCD00B7827F /* FiltersViewController.xib */,
				95603D5D1A8EECA400B7827F /* SwitchCell.h */,
				95603D5E1A8EECA400B7827F /* SwitchCell.m */,
				95603D5F1A8EECA400B7827F /* SwitchCell.xib */,
				95603D401A8AFFE900B7827F /* SearchResultsViewController.h */,
				95603D411A8AFFE900B7827F /* SearchResultsViewController.m */,
				95603D621A9049E400B7827F /* PriceCell.h */,
				95603D631A9049E400B7827F /* PriceCell.m */,
				95603D641A9049E400B7827F /* PriceCell.xib */,
				95603D671A907CC300B7827F /* MapViewController.h */,
				95603D681A907CC300B7827F /* MapViewController.m */,
				95603D691A907CC300B7827F /* MapViewController.xib */,
			);
			name = ViewController;
			sourceTree = "<group>";
		};
		95603D471A8BC45800B7827F /* View */ = {
			isa = PBXGroup;
			children = (
				95603D501A8C1B1900B7827F /* BusinessCell.h */,
				95603D511A8C1B1900B7827F /* BusinessCell.m */,
				95603D521A8C1B1900B7827F /* BusinessCell.xib */,
			);
			name = View;
			sourceTree = "<group>";
		};
		95603D4B1A8BC6E600B7827F /* Model */ = {
			isa = PBXGroup;
			children = (
				95603D481A8BC6D100B7827F /* Business.h */,
				95603D491A8BC6D100B7827F /* Business.m */,
			);
			name = Model;
			sourceTree = "<group>";
		};
		95603D4F1A8BE39800B7827F /* API */ = {
			isa = PBXGroup;
			children = (
				95603D4C1A8BE39300B7827F /* YelpClient.h */,
				95603D4D1A8BE39300B7827F /* YelpClient.m */,
			);
			name = API;
			sourceTree = "<group>";
		};
/* End PBXGroup section */

/* Begin PBXNativeTarget section */
		95603D121A8AEF2700B7827F /* Yelp */ = {
			isa = PBXNativeTarget;
			buildConfigurationList = 95603D361A8AEF2700B7827F /* Build configuration list for PBXNativeTarget "Yelp" */;
			buildPhases = (
				5D4B10F26B6ABB86BF1C42C1 /* Check Pods Manifest.lock */,
				95603D0F1A8AEF2700B7827F /* Sources */,
				95603D101A8AEF2700B7827F /* Frameworks */,
				95603D111A8AEF2700B7827F /* Resources */,
				01BCAE3E0F63BBAADCC6C24B /* Copy Pods Resources */,
			);
			buildRules = (
			);
			dependencies = (
			);
			name = Yelp;
			productName = Yelp;
			productReference = 95603D131A8AEF2700B7827F /* Yelp.app */;
			productType = "com.apple.product-type.application";
		};
		95603D2B1A8AEF2700B7827F /* YelpTests */ = {
			isa = PBXNativeTarget;
			buildConfigurationList = 95603D391A8AEF2700B7827F /* Build configuration list for PBXNativeTarget "YelpTests" */;
			buildPhases = (
				95603D281A8AEF2700B7827F /* Sources */,
				95603D291A8AEF2700B7827F /* Frameworks */,
				95603D2A1A8AEF2700B7827F /* Resources */,
			);
			buildRules = (
			);
			dependencies = (
				95603D2E1A8AEF2700B7827F /* PBXTargetDependency */,
			);
			name = YelpTests;
			productName = YelpTests;
			productReference = 95603D2C1A8AEF2700B7827F /* YelpTests.xctest */;
			productType = "com.apple.product-type.bundle.unit-test";
		};
/* End PBXNativeTarget section */

/* Begin PBXProject section */
		95603D0B1A8AEF2700B7827F /* Project object */ = {
			isa = PBXProject;
			attributes = {
				LastUpgradeCheck = 0610;
				ORGANIZATIONNAME = "___SocietyTech___";
				TargetAttributes = {
					95603D121A8AEF2700B7827F = {
						CreatedOnToolsVersion = 6.1;
					};
					95603D2B1A8AEF2700B7827F = {
						CreatedOnToolsVersion = 6.1;
						TestTargetID = 95603D121A8AEF2700B7827F;
					};
				};
			};
			buildConfigurationList = 95603D0E1A8AEF2700B7827F /* Build configuration list for PBXProject "Yelp" */;
			compatibilityVersion = "Xcode 3.2";
			developmentRegion = English;
			hasScannedForEncodings = 0;
			knownRegions = (
				en,
				Base,
			);
			mainGroup = 95603D0A1A8AEF2700B7827F;
			productRefGroup = 95603D141A8AEF2700B7827F /* Products */;
			projectDirPath = "";
			projectRoot = "";
			targets = (
				95603D121A8AEF2700B7827F /* Yelp */,
				95603D2B1A8AEF2700B7827F /* YelpTests */,
			);
		};
/* End PBXProject section */

/* Begin PBXResourcesBuildPhase section */
		95603D111A8AEF2700B7827F /* Resources */ = {
			isa = PBXResourcesBuildPhase;
			buildActionMask = 2147483647;
			files = (
				95603D221A8AEF2700B7827F /* Main.storyboard in Resources */,
				95603D541A8C1B1900B7827F /* BusinessCell.xib in Resources */,
				95603D5C1A8DBDCD00B7827F /* FiltersViewController.xib in Resources */,
				95603D6B1A907CC300B7827F /* MapViewController.xib in Resources */,
				95603D271A8AEF2700B7827F /* LaunchScreen.xib in Resources */,
				95603D241A8AEF2700B7827F /* Images.xcassets in Resources */,
				95603D661A9049E400B7827F /* PriceCell.xib in Resources */,
				95603D611A8EECA400B7827F /* SwitchCell.xib in Resources */,
			);
			runOnlyForDeploymentPostprocessing = 0;
		};
		95603D2A1A8AEF2700B7827F /* Resources */ = {
			isa = PBXResourcesBuildPhase;
			buildActionMask = 2147483647;
			files = (
			);
			runOnlyForDeploymentPostprocessing = 0;
		};
/* End PBXResourcesBuildPhase section */

/* Begin PBXShellScriptBuildPhase section */
		01BCAE3E0F63BBAADCC6C24B /* Copy Pods Resources */ = {
			isa = PBXShellScriptBuildPhase;
			buildActionMask = 2147483647;
			files = (
			);
			inputPaths = (
			);
			name = "Copy Pods Resources";
			outputPaths = (
			);
			runOnlyForDeploymentPostprocessing = 0;
			shellPath = /bin/sh;
			shellScript = "\"${SRCROOT}/Pods/Target Support Files/Pods/Pods-resources.sh\"\n";
			showEnvVarsInLog = 0;
		};
		5D4B10F26B6ABB86BF1C42C1 /* Check Pods Manifest.lock */ = {
			isa = PBXShellScriptBuildPhase;
			buildActionMask = 2147483647;
			files = (
			);
			inputPaths = (
			);
			name = "Check Pods Manifest.lock";
			outputPaths = (
			);
			runOnlyForDeploymentPostprocessing = 0;
			shellPath = /bin/sh;
			shellScript = "diff \"${PODS_ROOT}/../Podfile.lock\" \"${PODS_ROOT}/Manifest.lock\" > /dev/null\nif [[ $? != 0 ]] ; then\n    cat << EOM\nerror: The sandbox is not in sync with the Podfile.lock. Run 'pod install' or update your CocoaPods installation.\nEOM\n    exit 1\nfi\n";
			showEnvVarsInLog = 0;
		};
/* End PBXShellScriptBuildPhase section */

/* Begin PBXSourcesBuildPhase section */
		95603D0F1A8AEF2700B7827F /* Sources */ = {
			isa = PBXSourcesBuildPhase;
			buildActionMask = 2147483647;
			files = (
				95603D5B1A8DBDCD00B7827F /* FiltersViewController.m in Sources */,
				95603D601A8EECA400B7827F /* SwitchCell.m in Sources */,
				95603D651A9049E400B7827F /* PriceCell.m in Sources */,
				95603D4A1A8BC6D100B7827F /* Business.m in Sources */,
				95603D4E1A8BE39300B7827F /* YelpClient.m in Sources */,
				95603D421A8AFFE900B7827F /* SearchResultsViewController.m in Sources */,
				95603D1C1A8AEF2700B7827F /* AppDelegate.m in Sources */,
				95603D6A1A907CC300B7827F /* MapViewController.m in Sources */,
				95603D531A8C1B1900B7827F /* BusinessCell.m in Sources */,
				95603D191A8AEF2700B7827F /* main.m in Sources */,
			);
			runOnlyForDeploymentPostprocessing = 0;
		};
		95603D281A8AEF2700B7827F /* Sources */ = {
			isa = PBXSourcesBuildPhase;
			buildActionMask = 2147483647;
			files = (
				95603D331A8AEF2700B7827F /* YelpTests.m in Sources */,
			);
			runOnlyForDeploymentPostprocessing = 0;
		};
/* End PBXSourcesBuildPhase section */

/* Begin PBXTargetDependency section */
		95603D2E1A8AEF2700B7827F /* PBXTargetDependency */ = {
			isa = PBXTargetDependency;
			target = 95603D121A8AEF2700B7827F /* Yelp */;
			targetProxy = 95603D2D1A8AEF2700B7827F /* PBXContainerItemProxy */;
		};
/* End PBXTargetDependency section */

/* Begin PBXVariantGroup section */
		95603D201A8AEF2700B7827F /* Main.storyboard */ = {
			isa = PBXVariantGroup;
			children = (
				95603D211A8AEF2700B7827F /* Base */,
			);
			name = Main.storyboard;
			sourceTree = "<group>";
		};
		95603D251A8AEF2700B7827F /* LaunchScreen.xib */ = {
			isa = PBXVariantGroup;
			children = (
				95603D261A8AEF2700B7827F /* Base */,
			);
			name = LaunchScreen.xib;
			sourceTree = "<group>";
		};
/* End PBXVariantGroup section */

/* Begin XCBuildConfiguration section */
		95603D341A8AEF2700B7827F /* Debug */ = {
			isa = XCBuildConfiguration;
			buildSettings = {
				ALWAYS_SEARCH_USER_PATHS = NO;
				CLANG_CXX_LANGUAGE_STANDARD = "gnu++0x";
				CLANG_CXX_LIBRARY = "libc++";
				CLANG_ENABLE_MODULES = YES;
				CLANG_ENABLE_OBJC_ARC = YES;
				CLANG_WARN_BOOL_CONVERSION = YES;
				CLANG_WARN_CONSTANT_CONVERSION = YES;
				CLANG_WARN_DIRECT_OBJC_ISA_USAGE = YES_ERROR;
				CLANG_WARN_EMPTY_BODY = YES;
				CLANG_WARN_ENUM_CONVERSION = YES;
				CLANG_WARN_INT_CONVERSION = YES;
				CLANG_WARN_OBJC_ROOT_CLASS = YES_ERROR;
				CLANG_WARN_UNREACHABLE_CODE = YES;
				CLANG_WARN__DUPLICATE_METHOD_MATCH = YES;
				"CODE_SIGN_IDENTITY[sdk=iphoneos*]" = "iPhone Developer";
				COPY_PHASE_STRIP = NO;
				ENABLE_STRICT_OBJC_MSGSEND = YES;
				GCC_C_LANGUAGE_STANDARD = gnu99;
				GCC_DYNAMIC_NO_PIC = NO;
				GCC_OPTIMIZATION_LEVEL = 0;
				GCC_PREPROCESSOR_DEFINITIONS = (
					"DEBUG=1",
					"$(inherited)",
				);
				GCC_SYMBOLS_PRIVATE_EXTERN = NO;
				GCC_WARN_64_TO_32_BIT_CONVERSION = YES;
				GCC_WARN_ABOUT_RETURN_TYPE = YES_ERROR;
				GCC_WARN_UNDECLARED_SELECTOR = YES;
				GCC_WARN_UNINITIALIZED_AUTOS = YES_AGGRESSIVE;
				GCC_WARN_UNUSED_FUNCTION = YES;
				GCC_WARN_UNUSED_VARIABLE = YES;
				IPHONEOS_DEPLOYMENT_TARGET = 8.1;
				MTL_ENABLE_DEBUG_INFO = YES;
				ONLY_ACTIVE_ARCH = YES;
				SDKROOT = iphoneos;
			};
			name = Debug;
		};
		95603D351A8AEF2700B7827F /* Release */ = {
			isa = XCBuildConfiguration;
			buildSettings = {
				ALWAYS_SEARCH_USER_PATHS = NO;
				CLANG_CXX_LANGUAGE_STANDARD = "gnu++0x";
				CLANG_CXX_LIBRARY = "libc++";
				CLANG_ENABLE_MODULES = YES;
				CLANG_ENABLE_OBJC_ARC = YES;
				CLANG_WARN_BOOL_CONVERSION = YES;
				CLANG_WARN_CONSTANT_CONVERSION = YES;
				CLANG_WARN_DIRECT_OBJC_ISA_USAGE = YES_ERROR;
				CLANG_WARN_EMPTY_BODY = YES;
				CLANG_WARN_ENUM_CONVERSION = YES;
				CLANG_WARN_INT_CONVERSION = YES;
				CLANG_WARN_OBJC_ROOT_CLASS = YES_ERROR;
				CLANG_WARN_UNREACHABLE_CODE = YES;
				CLANG_WARN__DUPLICATE_METHOD_MATCH = YES;
				"CODE_SIGN_IDENTITY[sdk=iphoneos*]" = "iPhone Developer";
				COPY_PHASE_STRIP = YES;
				ENABLE_NS_ASSERTIONS = NO;
				ENABLE_STRICT_OBJC_MSGSEND = YES;
				GCC_C_LANGUAGE_STANDARD = gnu99;
				GCC_WARN_64_TO_32_BIT_CONVERSION = YES;
				GCC_WARN_ABOUT_RETURN_TYPE = YES_ERROR;
				GCC_WARN_UNDECLARED_SELECTOR = YES;
				GCC_WARN_UNINITIALIZED_AUTOS = YES_AGGRESSIVE;
				GCC_WARN_UNUSED_FUNCTION = YES;
				GCC_WARN_UNUSED_VARIABLE = YES;
				IPHONEOS_DEPLOYMENT_TARGET = 8.1;
				MTL_ENABLE_DEBUG_INFO = NO;
				SDKROOT = iphoneos;
				VALIDATE_PRODUCT = YES;
			};
			name = Release;
		};
		95603D371A8AEF2700B7827F /* Debug */ = {
			isa = XCBuildConfiguration;
			baseConfigurationReference = 9608C66B4A64B588BFD85930 /* Pods.debug.xcconfig */;
			buildSettings = {
				ASSETCATALOG_COMPILER_APPICON_NAME = AppIcon;
				INFOPLIST_FILE = Yelp/Info.plist;
				IPHONEOS_DEPLOYMENT_TARGET = 8.1;
				LD_RUNPATH_SEARCH_PATHS = "$(inherited) @executable_path/Frameworks";
				PRODUCT_NAME = "$(TARGET_NAME)";
			};
			name = Debug;
		};
		95603D381A8AEF2700B7827F /* Release */ = {
			isa = XCBuildConfiguration;
			baseConfigurationReference = C84B0EAB3547D5DF977043FB /* Pods.release.xcconfig */;
			buildSettings = {
				ASSETCATALOG_COMPILER_APPICON_NAME = AppIcon;
				INFOPLIST_FILE = Yelp/Info.plist;
				IPHONEOS_DEPLOYMENT_TARGET = 8.1;
				LD_RUNPATH_SEARCH_PATHS = "$(inherited) @executable_path/Frameworks";
				PRODUCT_NAME = "$(TARGET_NAME)";
			};
			name = Release;
		};
		95603D3A1A8AEF2700B7827F /* Debug */ = {
			isa = XCBuildConfiguration;
			buildSettings = {
				BUNDLE_LOADER = "$(TEST_HOST)";
				FRAMEWORK_SEARCH_PATHS = (
					"$(SDKROOT)/Developer/Library/Frameworks",
					"$(inherited)",
				);
				GCC_PREPROCESSOR_DEFINITIONS = (
					"DEBUG=1",
					"$(inherited)",
				);
				INFOPLIST_FILE = YelpTests/Info.plist;
				LD_RUNPATH_SEARCH_PATHS = "$(inherited) @executable_path/Frameworks @loader_path/Frameworks";
				PRODUCT_NAME = "$(TARGET_NAME)";
				TEST_HOST = "$(BUILT_PRODUCTS_DIR)/Yelp.app/Yelp";
			};
			name = Debug;
		};
		95603D3B1A8AEF2700B7827F /* Release */ = {
			isa = XCBuildConfiguration;
			buildSettings = {
				BUNDLE_LOADER = "$(TEST_HOST)";
				FRAMEWORK_SEARCH_PATHS = (
					"$(SDKROOT)/Developer/Library/Frameworks",
					"$(inherited)",
				);
				INFOPLIST_FILE = YelpTests/Info.plist;
				LD_RUNPATH_SEARCH_PATHS = "$(inherited) @executable_path/Frameworks @loader_path/Frameworks";
				PRODUCT_NAME = "$(TARGET_NAME)";
				TEST_HOST = "$(BUILT_PRODUCTS_DIR)/Yelp.app/Yelp";
			};
			name = Release;
		};
/* End XCBuildConfiguration section */

/* Begin XCConfigurationList section */
		95603D0E1A8AEF2700B7827F /* Build configuration list for PBXProject "Yelp" */ = {
			isa = XCConfigurationList;
			buildConfigurations = (
				95603D341A8AEF2700B7827F /* Debug */,
				95603D351A8AEF2700B7827F /* Release */,
			);
			defaultConfigurationIsVisible = 0;
			defaultConfigurationName = Release;
		};
		95603D361A8AEF2700B7827F /* Build configuration list for PBXNativeTarget "Yelp" */ = {
			isa = XCConfigurationList;
			buildConfigurations = (
				95603D371A8AEF2700B7827F /* Debug */,
				95603D381A8AEF2700B7827F /* Release */,
			);
			defaultConfigurationIsVisible = 0;
			defaultConfigurationName = Release;
		};
		95603D391A8AEF2700B7827F /* Build configuration list for PBXNativeTarget "YelpTests" */ = {
			isa = XCConfigurationList;
			buildConfigurations = (
				95603D3A1A8AEF2700B7827F /* Debug */,
				95603D3B1A8AEF2700B7827F /* Release */,
			);
			defaultConfigurationIsVisible = 0;
			defaultConfigurationName = Release;
		};
/* End XCConfigurationList section */
	};
	rootObject = 95603D0B1A8AEF2700B7827F /* Project object */;
}
